
Microsoft Visual Studio Solution File, Format Version 12.00
# Visual Studio Version 17
VisualStudioVersion = 17.6.33723.286
MinimumVisualStudioVersion = 10.0.40219.1
Project("{FAE04EC0-301F-11D3-BF4B-00C04F79EFBC}") = "pROYECTO", "pROYECTO.csproj", "{A0A0F5EC-CA5C-4306-9596-7AF6F0DBF125}"
EndProject
Global
	GlobalSection(SolutionConfigurationPlatforms) = preSolution
		Debug|Any CPU = Debug|Any CPU
		Release|Any CPU = Release|Any CPU
	EndGlobalSection
	GlobalSection(ProjectConfigurationPlatforms) = postSolution
		{A0A0F5EC-CA5C-4306-9596-7AF6F0DBF125}.Debug|Any CPU.ActiveCfg = Debug|Any CPU
		{A0A0F5EC-CA5C-4306-9596-7AF6F0DBF125}.Debug|Any CPU.Build.0 = Debug|Any CPU
		{A0A0F5EC-CA5C-4306-9596-7AF6F0DBF125}.Release|Any CPU.ActiveCfg = Release|Any CPU
		{A0A0F5EC-CA5C-4306-9596-7AF6F0DBF125}.Release|Any CPU.Build.0 = Release|Any CPU
	EndGlobalSection
	GlobalSection(SolutionProperties) = preSolution
		HideSolutionNode = FALSE
	EndGlobalSection
	GlobalSection(ExtensibilityGlobals) = postSolution
		SolutionGuid = {6D360DD6-A467-4535-A711-F967F800F7F3}
	EndGlobalSection
EndGlobal
